{
  "name": "node-red-contrib-lfo",
  "version": "1.1.0",
  "lockfileVersion": 1,
  "requires": true,
  "dependencies": {
    "oscillators": {
      "version": "0.6.0",
      "resolved": "https://registry.npmjs.org/oscillators/-/oscillators-0.6.0.tgz",
      "integrity": "sha1-7tm487g2QYBIRrTKFYWrzSLRCt4="
    },
    "since-when": {
      "version": "3.6.0",
      "resolved": "https://registry.npmjs.org/since-when/-/since-when-3.6.0.tgz",
      "integrity": "sha1-ooln95FCBXpaiTwFd2k07UG2rBg="
    }
  }
}
